
Microsoft Visual Studio Solution File, Format Version 12.00
# Visual Studio 15
VisualStudioVersion = 15.0.28307.106
MinimumVisualStudioVersion = 10.0.40219.1
Project("{FAE04EC0-301F-11D3-BF4B-00C04F79EFBC}") = "MonboDbClientCore", "..\MonboDbClientCore\MonboDbClientCore.csproj", "{726CB6AB-C6E8-4A52-921A-F6464AB54D66}"
EndProject
Global
	GlobalSection(SolutionConfigurationPlatforms) = preSolution
		Debug|Any CPU = Debug|Any CPU
		Release|Any CPU = Release|Any CPU
	EndGlobalSection
	GlobalSection(ProjectConfigurationPlatforms) = postSolution
		{726CB6AB-C6E8-4A52-921A-F6464AB54D66}.Debug|Any CPU.ActiveCfg = Debug|Any CPU
		{726CB6AB-C6E8-4A52-921A-F6464AB54D66}.Debug|Any CPU.Build.0 = Debug|Any CPU
		{726CB6AB-C6E8-4A52-921A-F6464AB54D66}.Release|Any CPU.ActiveCfg = Release|Any CPU
		{726CB6AB-C6E8-4A52-921A-F6464AB54D66}.Release|Any CPU.Build.0 = Release|Any CPU
	EndGlobalSection
	GlobalSection(SolutionProperties) = preSolution
		HideSolutionNode = FALSE
	EndGlobalSection
	GlobalSection(ExtensibilityGlobals) = postSolution
		SolutionGuid = {8F627116-5876-4FE8-82EA-777074413102}
	EndGlobalSection
EndGlobal
